
Microsoft Visual Studio Solution File, Format Version 12.00
# Visual Studio Version 17
VisualStudioVersion = 17.9.34622.214
MinimumVisualStudioVersion = 10.0.40219.1
Project("{FAE04EC0-301F-11D3-BF4B-00C04F79EFBC}") = "RentAVilla_VillaAPI", "RentAVilla_VillaAPI\RentAVilla_VillaAPI.csproj", "{97B48023-5D03-4F84-A41C-2DA80CF4E9C8}"
EndProject
Global
	GlobalSection(SolutionConfigurationPlatforms) = preSolution
		Debug|Any CPU = Debug|Any CPU
		Release|Any CPU = Release|Any CPU
	EndGlobalSection
	GlobalSection(ProjectConfigurationPlatforms) = postSolution
		{97B48023-5D03-4F84-A41C-2DA80CF4E9C8}.Debug|Any CPU.ActiveCfg = Debug|Any CPU
		{97B48023-5D03-4F84-A41C-2DA80CF4E9C8}.Debug|Any CPU.Build.0 = Debug|Any CPU
		{97B48023-5D03-4F84-A41C-2DA80CF4E9C8}.Release|Any CPU.ActiveCfg = Release|Any CPU
		{97B48023-5D03-4F84-A41C-2DA80CF4E9C8}.Release|Any CPU.Build.0 = Release|Any CPU
	EndGlobalSection
	GlobalSection(SolutionProperties) = preSolution
		HideSolutionNode = FALSE
	EndGlobalSection
	GlobalSection(ExtensibilityGlobals) = postSolution
		SolutionGuid = {36E1561C-F700-406B-9873-A94D7450A5C8}
	EndGlobalSection
EndGlobal
